
Microsoft Visual Studio Solution File, Format Version 12.00
# Visual Studio Version 17
VisualStudioVersion = 17.10.35013.160
MinimumVisualStudioVersion = 10.0.40219.1
Project("{FAE04EC0-301F-11D3-BF4B-00C04F79EFBC}") = "Core.Mapper", "Core.Mapper.csproj", "{EBA13A83-6160-4EA0-95C0-A5652D22ADBF}"
EndProject
Global
	GlobalSection(SolutionConfigurationPlatforms) = preSolution
		Debug|Any CPU = Debug|Any CPU
		Release|Any CPU = Release|Any CPU
	EndGlobalSection
	GlobalSection(ProjectConfigurationPlatforms) = postSolution
		{EBA13A83-6160-4EA0-95C0-A5652D22ADBF}.Debug|Any CPU.ActiveCfg = Debug|Any CPU
		{EBA13A83-6160-4EA0-95C0-A5652D22ADBF}.Debug|Any CPU.Build.0 = Debug|Any CPU
		{EBA13A83-6160-4EA0-95C0-A5652D22ADBF}.Release|Any CPU.ActiveCfg = Release|Any CPU
		{EBA13A83-6160-4EA0-95C0-A5652D22ADBF}.Release|Any CPU.Build.0 = Release|Any CPU
	EndGlobalSection
	GlobalSection(SolutionProperties) = preSolution
		HideSolutionNode = FALSE
	EndGlobalSection
	GlobalSection(ExtensibilityGlobals) = postSolution
		SolutionGuid = {8AC292D4-8805-4AEE-BD16-AC8EE27A7676}
	EndGlobalSection
EndGlobal
